
Microsoft Visual Studio Solution File, Format Version 12.00
# Visual Studio Version 17
VisualStudioVersion = 17.11.35312.102
MinimumVisualStudioVersion = 10.0.40219.1
Project("{2150E333-8FDC-42A3-9474-1A3956D46DE8}") = "Doc", "Doc", "{EE86854A-797E-4A68-A9CE-21EEA2184A91}"
EndProject
Project("{2150E333-8FDC-42A3-9474-1A3956D46DE8}") = "Src", "Src", "{DD87719F-7797-4465-BC28-0AB52F7E0CCC}"
EndProject
Project("{2150E333-8FDC-42A3-9474-1A3956D46DE8}") = "Test", "Test", "{7FD3770E-8529-477B-ACDF-DBA8F012DBE9}"
EndProject
Project("{2150E333-8FDC-42A3-9474-1A3956D46DE8}") = "Shared", "Shared", "{DE371F5B-9641-461A-B4AF-7AC15BAA91FD}"
EndProject
Project("{9A19103F-16F7-4668-BE54-9A1E7A4F7556}") = "SaleApp.Shared", "SaleApp.Shared\SaleApp.Shared.csproj", "{5F6614B2-A93D-4E65-902F-EA357BBEF1D1}"
EndProject
Project("{2150E333-8FDC-42A3-9474-1A3956D46DE8}") = "Core", "Core", "{97507AA7-B264-4E84-90F5-87F7F8C12186}"
EndProject
Project("{2150E333-8FDC-42A3-9474-1A3956D46DE8}") = "Infrastractures", "Infrastractures", "{EFF65F2C-FEB7-46D1-A3D4-57AA4DCBDED0}"
EndProject
Project("{2150E333-8FDC-42A3-9474-1A3956D46DE8}") = "EndPoints", "EndPoints", "{25E1F0DB-B4C5-4632-BE9B-97A39A7071DB}"
EndProject
Project("{9A19103F-16F7-4668-BE54-9A1E7A4F7556}") = "Sale.Domain", "Sale.Domain\Sale.Domain.csproj", "{14BEC348-D38B-4249-A49E-F07069E0E383}"
EndProject
Project("{9A19103F-16F7-4668-BE54-9A1E7A4F7556}") = "Sale.Application", "Sale.Application\Sale.Application.csproj", "{77865303-3ADC-43D2-B65F-CF16C6D849A0}"
EndProject
Project("{9A19103F-16F7-4668-BE54-9A1E7A4F7556}") = "Sale.Persistence", "Sale.Persistence\Sale.Persistence.csproj", "{8AD198B4-2F29-4A5F-84A5-5310E936BF8F}"
EndProject
Project("{9A19103F-16F7-4668-BE54-9A1E7A4F7556}") = "WebApp", "WebApp\WebApp.csproj", "{EF53BE2A-216D-4BED-86C7-3C3C59A5E016}"
EndProject
Global
	GlobalSection(SolutionConfigurationPlatforms) = preSolution
		Debug|Any CPU = Debug|Any CPU
		Release|Any CPU = Release|Any CPU
	EndGlobalSection
	GlobalSection(ProjectConfigurationPlatforms) = postSolution
		{5F6614B2-A93D-4E65-902F-EA357BBEF1D1}.Debug|Any CPU.ActiveCfg = Debug|Any CPU
		{5F6614B2-A93D-4E65-902F-EA357BBEF1D1}.Debug|Any CPU.Build.0 = Debug|Any CPU
		{5F6614B2-A93D-4E65-902F-EA357BBEF1D1}.Release|Any CPU.ActiveCfg = Release|Any CPU
		{5F6614B2-A93D-4E65-902F-EA357BBEF1D1}.Release|Any CPU.Build.0 = Release|Any CPU
		{14BEC348-D38B-4249-A49E-F07069E0E383}.Debug|Any CPU.ActiveCfg = Debug|Any CPU
		{14BEC348-D38B-4249-A49E-F07069E0E383}.Debug|Any CPU.Build.0 = Debug|Any CPU
		{14BEC348-D38B-4249-A49E-F07069E0E383}.Release|Any CPU.ActiveCfg = Release|Any CPU
		{14BEC348-D38B-4249-A49E-F07069E0E383}.Release|Any CPU.Build.0 = Release|Any CPU
		{77865303-3ADC-43D2-B65F-CF16C6D849A0}.Debug|Any CPU.ActiveCfg = Debug|Any CPU
		{77865303-3ADC-43D2-B65F-CF16C6D849A0}.Debug|Any CPU.Build.0 = Debug|Any CPU
		{77865303-3ADC-43D2-B65F-CF16C6D849A0}.Release|Any CPU.ActiveCfg = Release|Any CPU
		{77865303-3ADC-43D2-B65F-CF16C6D849A0}.Release|Any CPU.Build.0 = Release|Any CPU
		{8AD198B4-2F29-4A5F-84A5-5310E936BF8F}.Debug|Any CPU.ActiveCfg = Debug|Any CPU
		{8AD198B4-2F29-4A5F-84A5-5310E936BF8F}.Debug|Any CPU.Build.0 = Debug|Any CPU
		{8AD198B4-2F29-4A5F-84A5-5310E936BF8F}.Release|Any CPU.ActiveCfg = Release|Any CPU
		{8AD198B4-2F29-4A5F-84A5-5310E936BF8F}.Release|Any CPU.Build.0 = Release|Any CPU
		{EF53BE2A-216D-4BED-86C7-3C3C59A5E016}.Debug|Any CPU.ActiveCfg = Debug|Any CPU
		{EF53BE2A-216D-4BED-86C7-3C3C59A5E016}.Debug|Any CPU.Build.0 = Debug|Any CPU
		{EF53BE2A-216D-4BED-86C7-3C3C59A5E016}.Release|Any CPU.ActiveCfg = Release|Any CPU
		{EF53BE2A-216D-4BED-86C7-3C3C59A5E016}.Release|Any CPU.Build.0 = Release|Any CPU
	EndGlobalSection
	GlobalSection(SolutionProperties) = preSolution
		HideSolutionNode = FALSE
	EndGlobalSection
	GlobalSection(NestedProjects) = preSolution
		{DE371F5B-9641-461A-B4AF-7AC15BAA91FD} = {DD87719F-7797-4465-BC28-0AB52F7E0CCC}
		{5F6614B2-A93D-4E65-902F-EA357BBEF1D1} = {DE371F5B-9641-461A-B4AF-7AC15BAA91FD}
		{97507AA7-B264-4E84-90F5-87F7F8C12186} = {DD87719F-7797-4465-BC28-0AB52F7E0CCC}
		{EFF65F2C-FEB7-46D1-A3D4-57AA4DCBDED0} = {DD87719F-7797-4465-BC28-0AB52F7E0CCC}
		{25E1F0DB-B4C5-4632-BE9B-97A39A7071DB} = {DD87719F-7797-4465-BC28-0AB52F7E0CCC}
		{14BEC348-D38B-4249-A49E-F07069E0E383} = {97507AA7-B264-4E84-90F5-87F7F8C12186}
		{77865303-3ADC-43D2-B65F-CF16C6D849A0} = {97507AA7-B264-4E84-90F5-87F7F8C12186}
		{8AD198B4-2F29-4A5F-84A5-5310E936BF8F} = {EFF65F2C-FEB7-46D1-A3D4-57AA4DCBDED0}
		{EF53BE2A-216D-4BED-86C7-3C3C59A5E016} = {25E1F0DB-B4C5-4632-BE9B-97A39A7071DB}
	EndGlobalSection
	GlobalSection(ExtensibilityGlobals) = postSolution
		SolutionGuid = {3F01A66C-5D33-475E-A9FF-FCCE7B46E561}
	EndGlobalSection
EndGlobal
